
Microsoft Visual Studio Solution File, Format Version 12.00
# Visual Studio Version 16
VisualStudioVersion = 16.0.31624.102
MinimumVisualStudioVersion = 10.0.40219.1
Project("{FAE04EC0-301F-11D3-BF4B-00C04F79EFBC}") = "W2", "W2.csproj", "{A40C6113-71E2-4060-9C5C-13AA52EB47FA}"
EndProject
Global
	GlobalSection(SolutionConfigurationPlatforms) = preSolution
		Debug|Any CPU = Debug|Any CPU
		Release|Any CPU = Release|Any CPU
	EndGlobalSection
	GlobalSection(ProjectConfigurationPlatforms) = postSolution
		{A40C6113-71E2-4060-9C5C-13AA52EB47FA}.Debug|Any CPU.ActiveCfg = Debug|Any CPU
		{A40C6113-71E2-4060-9C5C-13AA52EB47FA}.Debug|Any CPU.Build.0 = Debug|Any CPU
		{A40C6113-71E2-4060-9C5C-13AA52EB47FA}.Release|Any CPU.ActiveCfg = Release|Any CPU
		{A40C6113-71E2-4060-9C5C-13AA52EB47FA}.Release|Any CPU.Build.0 = Release|Any CPU
	EndGlobalSection
	GlobalSection(SolutionProperties) = preSolution
		HideSolutionNode = FALSE
	EndGlobalSection
	GlobalSection(ExtensibilityGlobals) = postSolution
		SolutionGuid = {1DDA14F8-0153-4DE8-BA94-E73C17F60F59}
	EndGlobalSection
EndGlobal
